
Microsoft Visual Studio Solution File, Format Version 12.00
# Visual Studio Version 17
VisualStudioVersion = 17.1.32328.378
MinimumVisualStudioVersion = 10.0.40219.1
Project("{FAE04EC0-301F-11D3-BF4B-00C04F79EFBC}") = "BelajarAspx", "BelajarAspx.csproj", "{4051E28A-218A-4A10-BD49-BF433ACB6621}"
EndProject
Global
	GlobalSection(SolutionConfigurationPlatforms) = preSolution
		Debug|Any CPU = Debug|Any CPU
		Release|Any CPU = Release|Any CPU
	EndGlobalSection
	GlobalSection(ProjectConfigurationPlatforms) = postSolution
		{4051E28A-218A-4A10-BD49-BF433ACB6621}.Debug|Any CPU.ActiveCfg = Debug|Any CPU
		{4051E28A-218A-4A10-BD49-BF433ACB6621}.Debug|Any CPU.Build.0 = Debug|Any CPU
		{4051E28A-218A-4A10-BD49-BF433ACB6621}.Release|Any CPU.ActiveCfg = Release|Any CPU
		{4051E28A-218A-4A10-BD49-BF433ACB6621}.Release|Any CPU.Build.0 = Release|Any CPU
	EndGlobalSection
	GlobalSection(SolutionProperties) = preSolution
		HideSolutionNode = FALSE
	EndGlobalSection
	GlobalSection(ExtensibilityGlobals) = postSolution
		SolutionGuid = {E4167BD2-56B2-4ADF-9CFD-6C864D484316}
	EndGlobalSection
EndGlobal
